
Microsoft Visual Studio Solution File, Format Version 12.00
# Visual Studio 15
VisualStudioVersion = 15.0.27004.2005
MinimumVisualStudioVersion = 10.0.40219.1
Project("{FAE04EC0-301F-11D3-BF4B-00C04F79EFBC}") = "ExpressionCal.Service", "ExpressionCal.Service\ExpressionCal.Service.csproj", "{A12EB990-7BC7-45CF-958E-4D4FDD8367B4}"
EndProject
Project("{FAE04EC0-301F-11D3-BF4B-00C04F79EFBC}") = "Expression.Service", "Expression.Service\Expression.Service.csproj", "{9073AF0C-A66F-4AED-AFB2-C8CCFB30C19D}"
EndProject
Global
	GlobalSection(SolutionConfigurationPlatforms) = preSolution
		Debug|Any CPU = Debug|Any CPU
		Release|Any CPU = Release|Any CPU
	EndGlobalSection
	GlobalSection(ProjectConfigurationPlatforms) = postSolution
		{A12EB990-7BC7-45CF-958E-4D4FDD8367B4}.Debug|Any CPU.ActiveCfg = Debug|Any CPU
		{A12EB990-7BC7-45CF-958E-4D4FDD8367B4}.Debug|Any CPU.Build.0 = Debug|Any CPU
		{A12EB990-7BC7-45CF-958E-4D4FDD8367B4}.Release|Any CPU.ActiveCfg = Release|Any CPU
		{A12EB990-7BC7-45CF-958E-4D4FDD8367B4}.Release|Any CPU.Build.0 = Release|Any CPU
		{9073AF0C-A66F-4AED-AFB2-C8CCFB30C19D}.Debug|Any CPU.ActiveCfg = Debug|Any CPU
		{9073AF0C-A66F-4AED-AFB2-C8CCFB30C19D}.Debug|Any CPU.Build.0 = Debug|Any CPU
		{9073AF0C-A66F-4AED-AFB2-C8CCFB30C19D}.Release|Any CPU.ActiveCfg = Release|Any CPU
		{9073AF0C-A66F-4AED-AFB2-C8CCFB30C19D}.Release|Any CPU.Build.0 = Release|Any CPU
	EndGlobalSection
	GlobalSection(SolutionProperties) = preSolution
		HideSolutionNode = FALSE
	EndGlobalSection
	GlobalSection(ExtensibilityGlobals) = postSolution
		SolutionGuid = {4511E7B3-8B74-4A1D-8943-C58857E56BCD}
	EndGlobalSection
EndGlobal
